
Microsoft Visual Studio Solution File, Format Version 12.00
# Visual Studio Version 16
VisualStudioVersion = 16.0.29519.87
MinimumVisualStudioVersion = 10.0.40219.1
Project("{FAE04EC0-301F-11D3-BF4B-00C04F79EFBC}") = "JogoDaVelhaTeste", "JogoDaVelhaTeste\JogoDaVelhaTeste.csproj", "{0A2C9F14-9B83-4BD4-BAD6-4093278B6A87}"
EndProject
Global
	GlobalSection(SolutionConfigurationPlatforms) = preSolution
		Debug|Any CPU = Debug|Any CPU
		Release|Any CPU = Release|Any CPU
	EndGlobalSection
	GlobalSection(ProjectConfigurationPlatforms) = postSolution
		{0A2C9F14-9B83-4BD4-BAD6-4093278B6A87}.Debug|Any CPU.ActiveCfg = Debug|Any CPU
		{0A2C9F14-9B83-4BD4-BAD6-4093278B6A87}.Debug|Any CPU.Build.0 = Debug|Any CPU
		{0A2C9F14-9B83-4BD4-BAD6-4093278B6A87}.Release|Any CPU.ActiveCfg = Release|Any CPU
		{0A2C9F14-9B83-4BD4-BAD6-4093278B6A87}.Release|Any CPU.Build.0 = Release|Any CPU
	EndGlobalSection
	GlobalSection(SolutionProperties) = preSolution
		HideSolutionNode = FALSE
	EndGlobalSection
	GlobalSection(ExtensibilityGlobals) = postSolution
		SolutionGuid = {1A7A9739-A699-49FB-AEA7-1E073ABD8CC6}
	EndGlobalSection
EndGlobal
